
Microsoft Visual Studio Solution File, Format Version 12.00
# Visual Studio Version 17
VisualStudioVersion = 17.1.32328.378
MinimumVisualStudioVersion = 10.0.40219.1
Project("{9A19103F-16F7-4668-BE54-9A1E7A4F7556}") = "Fusion", "Fusion\Fusion.csproj", "{00E6C6B5-1644-42CA-8C83-F54A98541A71}"
EndProject
Project("{2150E333-8FDC-42A3-9474-1A3956D46DE8}") = "Solution Items", "Solution Items", "{249801CE-4289-42D4-B2B9-FAA418FFE2CD}"
	ProjectSection(SolutionItems) = preProject
		.editorconfig = .editorconfig
		Build.cmd = Build.cmd
		Directory.Build.props = Directory.Build.props
		Directory.Build.targets = Directory.Build.targets
		License.txt = License.txt
	EndProjectSection
EndProject
Project("{9A19103F-16F7-4668-BE54-9A1E7A4F7556}") = "UnitTest", "UnitTest\UnitTest.csproj", "{A84ABEB4-7D21-4AC5-9819-707B8CC432D7}"
EndProject
Project("{2150E333-8FDC-42A3-9474-1A3956D46DE8}") = "Docs", "Docs", "{8C7E3899-1265-49E4-B98A-657B81B5DF5E}"
	ProjectSection(SolutionItems) = preProject
		Docs\Example.txt = Docs\Example.txt
		Docs\LabelExample.txt = Docs\LabelExample.txt
		Docs\LanguageDoc.md = Docs\LanguageDoc.md
		..\README.md = ..\README.md
		Docs\ZeroingBlock.txt = Docs\ZeroingBlock.txt
	EndProjectSection
EndProject
Global
	GlobalSection(SolutionConfigurationPlatforms) = preSolution
		Debug|Any CPU = Debug|Any CPU
		Release|Any CPU = Release|Any CPU
	EndGlobalSection
	GlobalSection(ProjectConfigurationPlatforms) = postSolution
		{00E6C6B5-1644-42CA-8C83-F54A98541A71}.Debug|Any CPU.ActiveCfg = Debug|Any CPU
		{00E6C6B5-1644-42CA-8C83-F54A98541A71}.Debug|Any CPU.Build.0 = Debug|Any CPU
		{00E6C6B5-1644-42CA-8C83-F54A98541A71}.Release|Any CPU.ActiveCfg = Release|Any CPU
		{00E6C6B5-1644-42CA-8C83-F54A98541A71}.Release|Any CPU.Build.0 = Release|Any CPU
		{A84ABEB4-7D21-4AC5-9819-707B8CC432D7}.Debug|Any CPU.ActiveCfg = Debug|Any CPU
		{A84ABEB4-7D21-4AC5-9819-707B8CC432D7}.Debug|Any CPU.Build.0 = Debug|Any CPU
		{A84ABEB4-7D21-4AC5-9819-707B8CC432D7}.Release|Any CPU.ActiveCfg = Release|Any CPU
		{A84ABEB4-7D21-4AC5-9819-707B8CC432D7}.Release|Any CPU.Build.0 = Release|Any CPU
	EndGlobalSection
	GlobalSection(SolutionProperties) = preSolution
		HideSolutionNode = FALSE
	EndGlobalSection
	GlobalSection(ExtensibilityGlobals) = postSolution
		SolutionGuid = {174D72E7-A83A-431D-A90F-515E3A1E209A}
	EndGlobalSection
EndGlobal
